
Microsoft Visual Studio Solution File, Format Version 12.00
# Visual Studio Version 17
Project("{8BC9CEB8-8B4A-11D0-8D11-00A0C91BC942}") = "InkStoneEditor", "InkStoneEditor\InkStoneEditor.vcxproj", "{B79256A1-A360-4AA7-8CF4-BACD7861260C}"
EndProject
Project("{8BC9CEB8-8B4A-11D0-8D11-00A0C91BC942}") = "GLAD", "InkStone\include\GLAD\GLAD.vcxproj", "{5D4A857C-4981-860D-F26D-6C10DE83020F}"
EndProject
Project("{8BC9CEB8-8B4A-11D0-8D11-00A0C91BC942}") = "ImGUI", "InkStone\include\imgui\ImGUI.vcxproj", "{80FB640D-EC0F-8DBE-B591-301E216589EF}"
EndProject
Project("{8BC9CEB8-8B4A-11D0-8D11-00A0C91BC942}") = "InkStone", "InkStone\InkStone.vcxproj", "{F088B6ED-DC55-11F9-056F-FFA0F19A4687}"
EndProject
Project("{8BC9CEB8-8B4A-11D0-8D11-00A0C91BC942}") = "Sandbox", "Sandbox\Sandbox.vcxproj", "{F4C124E3-60A1-A37E-69B9-2E55D5170AE0}"
EndProject
Global
	GlobalSection(SolutionConfigurationPlatforms) = preSolution
		Debug|x64 = Debug|x64
		Release|x64 = Release|x64
	EndGlobalSection
	GlobalSection(ProjectConfigurationPlatforms) = postSolution
		{B79256A1-A360-4AA7-8CF4-BACD7861260C}.Debug|x64.ActiveCfg = Debug|x64
		{B79256A1-A360-4AA7-8CF4-BACD7861260C}.Debug|x64.Build.0 = Debug|x64
		{B79256A1-A360-4AA7-8CF4-BACD7861260C}.Release|x64.ActiveCfg = Release|x64
		{B79256A1-A360-4AA7-8CF4-BACD7861260C}.Release|x64.Build.0 = Release|x64
		{5D4A857C-4981-860D-F26D-6C10DE83020F}.Debug|x64.ActiveCfg = Debug|x64
		{5D4A857C-4981-860D-F26D-6C10DE83020F}.Debug|x64.Build.0 = Debug|x64
		{5D4A857C-4981-860D-F26D-6C10DE83020F}.Release|x64.ActiveCfg = Release|x64
		{5D4A857C-4981-860D-F26D-6C10DE83020F}.Release|x64.Build.0 = Release|x64
		{80FB640D-EC0F-8DBE-B591-301E216589EF}.Debug|x64.ActiveCfg = Debug|x64
		{80FB640D-EC0F-8DBE-B591-301E216589EF}.Debug|x64.Build.0 = Debug|x64
		{80FB640D-EC0F-8DBE-B591-301E216589EF}.Release|x64.ActiveCfg = Release|x64
		{80FB640D-EC0F-8DBE-B591-301E216589EF}.Release|x64.Build.0 = Release|x64
		{F088B6ED-DC55-11F9-056F-FFA0F19A4687}.Debug|x64.ActiveCfg = Debug|x64
		{F088B6ED-DC55-11F9-056F-FFA0F19A4687}.Debug|x64.Build.0 = Debug|x64
		{F088B6ED-DC55-11F9-056F-FFA0F19A4687}.Release|x64.ActiveCfg = Release|x64
		{F088B6ED-DC55-11F9-056F-FFA0F19A4687}.Release|x64.Build.0 = Release|x64
		{F4C124E3-60A1-A37E-69B9-2E55D5170AE0}.Debug|x64.ActiveCfg = Debug|x64
		{F4C124E3-60A1-A37E-69B9-2E55D5170AE0}.Debug|x64.Build.0 = Debug|x64
		{F4C124E3-60A1-A37E-69B9-2E55D5170AE0}.Release|x64.ActiveCfg = Release|x64
		{F4C124E3-60A1-A37E-69B9-2E55D5170AE0}.Release|x64.Build.0 = Release|x64
	EndGlobalSection
	GlobalSection(SolutionProperties) = preSolution
		HideSolutionNode = FALSE
	EndGlobalSection
EndGlobal
