<?xml version="1.0" encoding="utf-8"?>
<Project ToolsVersion="4.0" xmlns="http://schemas.microsoft.com/developer/msbuild/2003">
  <ItemGroup>
    <Filter Include="InkStone">
      <UniqueIdentifier>{F088B6ED-DC55-11F9-056F-FFA0F19A4687}</UniqueIdentifier>
    </Filter>
  </ItemGroup>
  <ItemGroup>
    <ClInclude Include="src\InkStone.h" />
    <ClInclude Include="src\InkStone\Application.h">
      <Filter>InkStone</Filter>
    </ClInclude>
    <ClInclude Include="src\InkStone\Core.h">
      <Filter>InkStone</Filter>
    </ClInclude>
    <ClInclude Include="src\InkStone\Entry.h">
      <Filter>InkStone</Filter>
    </ClInclude>
    <ClInclude Include="src\InkStone\Log.h">
      <Filter>InkStone</Filter>
    </ClInclude>
  </ItemGroup>
  <ItemGroup>
    <ClCompile Include="src\InkStone\Application.cpp">
      <Filter>InkStone</Filter>
    </ClCompile>
    <ClCompile Include="src\InkStone\Log.cpp">
      <Filter>InkStone</Filter>
    </ClCompile>
  </ItemGroup>
</Project>